<?xml version="1.0" encoding="utf-8"?>
<Project ToolsVersion="4.0" xmlns="http://schemas.microsoft.com/developer/msbuild/2003">
  <ItemGroup>
    <Filter Include="リソース ファイル">
      <UniqueIdentifier>{67DA6AB6-F800-4c08-8B7A-83BB121AAD01}</UniqueIdentifier>
      <Extensions>rc;ico;cur;bmp;dlg;rc2;rct;bin;rgs;gif;jpg;jpeg;jpe;resx;tiff;tif;png;wav;mfcribbon-ms</Extensions>
    </Filter>
    <Filter Include="Source">
      <UniqueIdentifier>{4FC737F1-C7A5-4376-A066-2A32D752A2FF}</UniqueIdentifier>
      <Extensions>cpp;c;cc;cxx;c++;cppm;ixx;def;odl;idl;hpj;bat;asm;asmx</Extensions>
    </Filter>
    <Filter Include="Source\Scene">
      <UniqueIdentifier>{cc37d74d-432a-4f41-8d96-726071a6b273}</UniqueIdentifier>
    </Filter>
    <Filter Include="Source\Object">
      <UniqueIdentifier>{52843fbf-81bb-43ad-92dc-1f3b3864a3a7}</UniqueIdentifier>
    </Filter>
    <Filter Include="Source\Others">
      <UniqueIdentifier>{4f3080f5-66ee-4e15-9c0e-6791f5757a50}</UniqueIdentifier>
    </Filter>
    <Filter Include="Source\Camera">
      <UniqueIdentifier>{bfdf5a1b-ac11-44f4-b3c5-5543ede57a63}</UniqueIdentifier>
    </Filter>
  </ItemGroup>
  <ItemGroup>
    <ClCompile Include="Sources\Main.cpp">
      <Filter>Source</Filter>
    </ClCompile>
    <ClCompile Include="Sources\Scene\Title.cpp">
      <Filter>Source\Scene</Filter>
    </ClCompile>
    <ClCompile Include="Sources\Object\ObjectManager.cpp">
      <Filter>Source\Object</Filter>
    </ClCompile>
    <ClCompile Include="Sources\Others\GraphManager.cpp">
      <Filter>Source\Others</Filter>
    </ClCompile>
    <ClCompile Include="Sources\Scene\SceneBase.cpp">
      <Filter>Source\Scene</Filter>
    </ClCompile>
    <ClCompile Include="Sources\Scene\SceneManager.cpp">
      <Filter>Source\Scene</Filter>
    </ClCompile>
    <ClCompile Include="Sources\Object\Player.cpp">
      <Filter>Source\Object</Filter>
    </ClCompile>
    <ClCompile Include="Sources\Object\Object3DBase.cpp">
      <Filter>Source\Object</Filter>
    </ClCompile>
    <ClCompile Include="Sources\Others\ModelManager.cpp">
      <Filter>Source\Others</Filter>
    </ClCompile>
    <ClCompile Include="Sources\Scene\TestScene.cpp">
      <Filter>Source\Scene</Filter>
    </ClCompile>
    <ClCompile Include="Sources\Object\ObjectFactory.cpp">
      <Filter>Source\Object</Filter>
    </ClCompile>
    <ClCompile Include="Sources\Camera\CameraManager.cpp">
      <Filter>Source\Camera</Filter>
    </ClCompile>
    <ClCompile Include="Sources\Camera\Camera.cpp">
      <Filter>Source\Camera</Filter>
    </ClCompile>
    <ClCompile Include="Sources\Object\Floor.cpp">
      <Filter>Source\Object</Filter>
    </ClCompile>
    <ClCompile Include="Sources\Object\O_Wall.cpp">
      <Filter>Source\Object</Filter>
    </ClCompile>
    <ClCompile Include="Sources\Object\Door.cpp">
      <Filter>Source\Object</Filter>
    </ClCompile>
    <ClCompile Include="Sources\Object\Arch_Door.cpp">
      <Filter>Source\Object</Filter>
    </ClCompile>
    <ClCompile Include="Sources\Object\O_Wall_Arch.cpp">
      <Filter>Source\Object</Filter>
    </ClCompile>
  </ItemGroup>
  <ItemGroup>
    <ClInclude Include="Sources\Scene\SceneBase.h">
      <Filter>Source\Scene</Filter>
    </ClInclude>
    <ClInclude Include="Sources\Scene\Title.h">
      <Filter>Source\Scene</Filter>
    </ClInclude>
    <ClInclude Include="Sources\Object\ObjectBase.h">
      <Filter>Source\Object</Filter>
    </ClInclude>
    <ClInclude Include="Sources\Others\Position2D.h">
      <Filter>Source\Others</Filter>
    </ClInclude>
    <ClInclude Include="Sources\Object\ObjectManager.h">
      <Filter>Source\Object</Filter>
    </ClInclude>
    <ClInclude Include="Sources\Others\ModelManager.h">
      <Filter>Source\Others</Filter>
    </ClInclude>
    <ClInclude Include="Sources\Others\GraphManager.h">
      <Filter>Source\Others</Filter>
    </ClInclude>
    <ClInclude Include="Sources\Scene\SceneManager.h">
      <Filter>Source\Scene</Filter>
    </ClInclude>
    <ClInclude Include="Sources\Scene\SceneFactory.h">
      <Filter>Source\Scene</Filter>
    </ClInclude>
    <ClInclude Include="Sources\Object\ObjectFactory.h">
      <Filter>Source\Object</Filter>
    </ClInclude>
    <ClInclude Include="Sources\Object\Player.h">
      <Filter>Source\Object</Filter>
    </ClInclude>
    <ClInclude Include="Sources\Object\Object3DBase.h">
      <Filter>Source\Object</Filter>
    </ClInclude>
    <ClInclude Include="Sources\Scene\TestScene.h">
      <Filter>Source\Scene</Filter>
    </ClInclude>
    <ClInclude Include="Sources\Others\Vector.h">
      <Filter>Source\Others</Filter>
    </ClInclude>
    <ClInclude Include="Sources\Camera\CameraManager.h">
      <Filter>Source\Camera</Filter>
    </ClInclude>
    <ClInclude Include="Sources\Camera\Camera.h">
      <Filter>Source\Camera</Filter>
    </ClInclude>
    <ClInclude Include="Sources\Camera\CameraFactory.h">
      <Filter>Source\Camera</Filter>
    </ClInclude>
    <ClInclude Include="Sources\Object\Wall.h" />
    <ClInclude Include="Sources\Object\Floor.h">
      <Filter>Source\Object</Filter>
    </ClInclude>
    <ClInclude Include="Sources\Object\O_Wall.h">
      <Filter>Source\Object</Filter>
    </ClInclude>
    <ClInclude Include="Sources\Others\DefineInstantVariable.h">
      <Filter>Source\Others</Filter>
    </ClInclude>
    <ClInclude Include="Sources\Object\Door.h">
      <Filter>Source\Object</Filter>
    </ClInclude>
    <ClInclude Include="Sources\Object\Arch_Door.h">
      <Filter>Source\Object</Filter>
    </ClInclude>
    <ClInclude Include="Sources\Object\O_Wall_Arch.h">
      <Filter>Source\Object</Filter>
    </ClInclude>
  </ItemGroup>
</Project>